
Microsoft Visual Studio Solution File, Format Version 12.00
# Visual Studio Version 17
VisualStudioVersion = 17.7.34024.191
MinimumVisualStudioVersion = 10.0.40219.1
Project("{FAE04EC0-301F-11D3-BF4B-00C04F79EFBC}") = "TriggerKullanimi", "TriggerKullanimi\TriggerKullanimi.csproj", "{C2E7A571-4DEA-4F71-B51B-CCDAE54A6C40}"
EndProject
Global
	GlobalSection(SolutionConfigurationPlatforms) = preSolution
		Debug|Any CPU = Debug|Any CPU
		Release|Any CPU = Release|Any CPU
	EndGlobalSection
	GlobalSection(ProjectConfigurationPlatforms) = postSolution
		{C2E7A571-4DEA-4F71-B51B-CCDAE54A6C40}.Debug|Any CPU.ActiveCfg = Debug|Any CPU
		{C2E7A571-4DEA-4F71-B51B-CCDAE54A6C40}.Debug|Any CPU.Build.0 = Debug|Any CPU
		{C2E7A571-4DEA-4F71-B51B-CCDAE54A6C40}.Release|Any CPU.ActiveCfg = Release|Any CPU
		{C2E7A571-4DEA-4F71-B51B-CCDAE54A6C40}.Release|Any CPU.Build.0 = Release|Any CPU
	EndGlobalSection
	GlobalSection(SolutionProperties) = preSolution
		HideSolutionNode = FALSE
	EndGlobalSection
	GlobalSection(ExtensibilityGlobals) = postSolution
		SolutionGuid = {78A6E329-A827-4FBB-955A-4F97A909EA8D}
	EndGlobalSection
EndGlobal
